# THIS IS AN AUTOGENERATED FILE. DO NOT EDIT THIS FILE DIRECTLY.
# yarn lockfile v1


electron-dl@^1.10.0:
  version "1.10.0"
  resolved "https://registry.yarnpkg.com/electron-dl/-/electron-dl-1.10.0.tgz#f94416064056fc6f2a86ae498614c93526890af9"
  dependencies:
    ext-name "^5.0.0"
    pupa "^1.0.0"
    unused-filename "^1.0.0"

es6-object-assign@^1.1.0:
  version "1.1.0"
  resolved "https://registry.yarnpkg.com/es6-object-assign/-/es6-object-assign-1.1.0.tgz#c2c3582656247c39ea107cb1e6652b6f9f24523c"

ext-list@^2.0.0:
  version "2.2.2"
  resolved "https://registry.yarnpkg.com/ext-list/-/ext-list-2.2.2.tgz#0b98e64ed82f5acf0f2931babf69212ef52ddd37"
  dependencies:
    mime-db "^1.28.0"

ext-name@^5.0.0:
  version "5.0.0"
  resolved "https://registry.yarnpkg.com/ext-name/-/ext-name-5.0.0.tgz#70781981d183ee15d13993c8822045c506c8f0a6"
  dependencies:
    ext-list "^2.0.0"
    sort-keys-length "^1.0.0"

is-plain-obj@^1.0.0:
  version "1.1.0"
  resolved "https://registry.yarnpkg.com/is-plain-obj/-/is-plain-obj-1.1.0.tgz#71a50c8429dfca773c92a390a4a03b39fcd51d3e"

mime-db@^1.28.0:
  version "1.31.0"
  resolved "https://registry.yarnpkg.com/mime-db/-/mime-db-1.31.0.tgz#a49cd8f3ebf3ed1a482b60561d9105ad40ca74cb"

modify-filename@^1.1.0:
  version "1.1.0"
  resolved "https://registry.yarnpkg.com/modify-filename/-/modify-filename-1.1.0.tgz#9a2dec83806fbb2d975f22beec859ca26b393aa1"

path-exists@^3.0.0:
  version "3.0.0"
  resolved "https://registry.yarnpkg.com/path-exists/-/path-exists-3.0.0.tgz#ce0ebeaa5f78cb18925ea7d810d7b59b010fd515"

promise-polyfill@^6.0.2:
  version "6.0.2"
  resolved "https://registry.yarnpkg.com/promise-polyfill/-/promise-polyfill-6.0.2.tgz#d9c86d3dc4dc2df9016e88946defd69b49b41162"

pupa@^1.0.0:
  version "1.0.0"
  resolved "https://registry.yarnpkg.com/pupa/-/pupa-1.0.0.tgz#9a9568a5af7e657b8462a6e9d5328743560ceff6"

shortid@^2.2.8:
  version "2.2.8"
  resolved "https://registry.yarnpkg.com/shortid/-/shortid-2.2.8.tgz#033b117d6a2e975804f6f0969dbe7d3d0b355131"

sort-keys-length@^1.0.0:
  version "1.0.1"
  resolved "https://registry.yarnpkg.com/sort-keys-length/-/sort-keys-length-1.0.1.tgz#9cb6f4f4e9e48155a6aa0671edd336ff1479a188"
  dependencies:
    sort-keys "^1.0.0"

sort-keys@^1.0.0:
  version "1.1.2"
  resolved "https://registry.yarnpkg.com/sort-keys/-/sort-keys-1.1.2.tgz#441b6d4d346798f1b4e49e8920adfba0e543f9ad"
  dependencies:
    is-plain-obj "^1.0.0"

sweetalert@^2.0.8:
  version "2.0.8"
  resolved "https://registry.yarnpkg.com/sweetalert/-/sweetalert-2.0.8.tgz#b3ee2adc4dad548d4ae998994f5ac802dc753b86"
  dependencies:
    es6-object-assign "^1.1.0"
    promise-polyfill "^6.0.2"

unused-filename@^1.0.0:
  version "1.0.0"
  resolved "https://registry.yarnpkg.com/unused-filename/-/unused-filename-1.0.0.tgz#d340880f71ae2115ebaa1325bef05cc6684469c6"
  dependencies:
    modify-filename "^1.1.0"
    path-exists "^3.0.0"
